// !$*UTF8*$!
{
	archiveVersion = 1;
	classes = {
	};
	objectVersion = 46;
	objects = {

/* Begin PBXBuildFile section */
		758285841BE0CF5A00B5D5D3 /* main.m in Sources */ = {isa = PBXBuildFile; fileRef = 758285831BE0CF5A00B5D5D3 /* main.m */; };
		758285871BE0CF5A00B5D5D3 /* AppDelegate.m in Sources */ = {isa = PBXBuildFile; fileRef = 758285861BE0CF5A00B5D5D3 /* AppDelegate.m */; };
		7582858A1BE0CF5A00B5D5D3 /* ViewController.m in Sources */ = {isa = PBXBuildFile; fileRef = 758285891BE0CF5A00B5D5D3 /* ViewController.m */; };
		7582858D1BE0CF5A00B5D5D3 /* Main.storyboard in Resources */ = {isa = PBXBuildFile; fileRef = 7582858B1BE0CF5A00B5D5D3 /* Main.storyboard */; };
		7582858F1BE0CF5A00B5D5D3 /* Assets.xcassets in Resources */ = {isa = PBXBuildFile; fileRef = 7582858E1BE0CF5A00B5D5D3 /* Assets.xcassets */; };
		758285921BE0CF5A00B5D5D3 /* LaunchScreen.storyboard in Resources */ = {isa = PBXBuildFile; fileRef = 758285901BE0CF5A00B5D5D3 /* LaunchScreen.storyboard */; };
/* End PBXBuildFile section */

/* Begin PBXFileReference section */
		7582857F1BE0CF5A00B5D5D3 /* LcAudioWave.app */ = {isa = PBXFileReference; explicitFileType = wrapper.application; includeInIndex = 0; path = LcAudioWave.app; sourceTree = BUILT_PRODUCTS_DIR; };
		758285831BE0CF5A00B5D5D3 /* main.m */ = {isa = PBXFileReference; lastKnownFileType = sourcecode.c.objc; path = main.m; sourceTree = "<group>"; };
		758285851BE0CF5A00B5D5D3 /* AppDelegate.h */ = {isa = PBXFileReference; lastKnownFileType = sourcecode.c.h; path = AppDelegate.h; sourceTree = "<group>"; };
		758285861BE0CF5A00B5D5D3 /* AppDelegate.m */ = {isa = PBXFileReference; lastKnownFileType = sourcecode.c.objc; path = AppDelegate.m; sourceTree = "<group>"; };
		758285881BE0CF5A00B5D5D3 /* ViewController.h */ = {isa = PBXFileReference; lastKnownFileType = sourcecode.c.h; path = ViewController.h; sourceTree = "<group>"; };
		758285891BE0CF5A00B5D5D3 /* ViewController.m */ = {isa = PBXFileReference; lastKnownFileType = sourcecode.c.objc; path = ViewController.m; sourceTree = "<group>"; };
		7582858C1BE0CF5A00B5D5D3 /* Base */ = {isa = PBXFileReference; lastKnownFileType = file.storyboard; name = Base; path = Base.lproj/Main.storyboard; sourceTree = "<group>"; };
		7582858E1BE0CF5A00B5D5D3 /* Assets.xcassets */ = {isa = PBXFileReference; lastKnownFileType = folder.assetcatalog; path = Assets.xcassets; sourceTree = "<group>"; };
		758285911BE0CF5A00B5D5D3 /* Base */ = {isa = PBXFileReference; lastKnownFileType = file.storyboard; name = Base; path = Base.lproj/LaunchScreen.storyboard; sourceTree = "<group>"; };
		758285931BE0CF5A00B5D5D3 /* Info.plist */ = {isa = PBXFileReference; lastKnownFileType = text.plist.xml; path = Info.plist; sourceTree = "<group>"; };
		758285991BE0D01C00B5D5D3 /* CheckMacro.h */ = {isa = PBXFileReference; fileEncoding = 4; lastKnownFileType = sourcecode.c.h; path = CheckMacro.h; sourceTree = "<group>"; };
/* End PBXFileReference section */

/* Begin PBXFrameworksBuildPhase section */
		7582857C1BE0CF5A00B5D5D3 /* Frameworks */ = {
			isa = PBXFrameworksBuildPhase;
			buildActionMask = 2147483647;
			files = (
			);
			runOnlyForDeploymentPostprocessing = 0;
		};
/* End PBXFrameworksBuildPhase section */

/* Begin PBXGroup section */
		758285761BE0CF5A00B5D5D3 = {
			isa = PBXGroup;
			children = (
				758285811BE0CF5A00B5D5D3 /* LcAudioWave */,
				758285801BE0CF5A00B5D5D3 /* Products */,
			);
			sourceTree = "<group>";
		};
		758285801BE0CF5A00B5D5D3 /* Products */ = {
			isa = PBXGroup;
			children = (
				7582857F1BE0CF5A00B5D5D3 /* LcAudioWave.app */,
			);
			name = Products;
			sourceTree = "<group>";
		};
		758285811BE0CF5A00B5D5D3 /* LcAudioWave */ = {
			isa = PBXGroup;
			children = (
				758285851BE0CF5A00B5D5D3 /* AppDelegate.h */,
				758285861BE0CF5A00B5D5D3 /* AppDelegate.m */,
				758285991BE0D01C00B5D5D3 /* CheckMacro.h */,
				758285881BE0CF5A00B5D5D3 /* ViewController.h */,
				758285891BE0CF5A00B5D5D3 /* ViewController.m */,
				7582858B1BE0CF5A00B5D5D3 /* Main.storyboard */,
				7582858E1BE0CF5A00B5D5D3 /* Assets.xcassets */,
				758285901BE0CF5A00B5D5D3 /* LaunchScreen.storyboard */,
				758285931BE0CF5A00B5D5D3 /* Info.plist */,
				758285821BE0CF5A00B5D5D3 /* Supporting Files */,
			);
			path = LcAudioWave;
			sourceTree = "<group>";
		};
		758285821BE0CF5A00B5D5D3 /* Supporting Files */ = {
			isa = PBXGroup;
			children = (
				758285831BE0CF5A00B5D5D3 /* main.m */,
			);
			name = "Supporting Files";
			sourceTree = "<group>";
		};
/* End PBXGroup section */

/* Begin PBXNativeTarget section */
		7582857E1BE0CF5A00B5D5D3 /* LcAudioWave */ = {
			isa = PBXNativeTarget;
			buildConfigurationList = 758285961BE0CF5A00B5D5D3 /* Build configuration list for PBXNativeTarget "LcAudioWave" */;
			buildPhases = (
				7582857B1BE0CF5A00B5D5D3 /* Sources */,
				7582857C1BE0CF5A00B5D5D3 /* Frameworks */,
				7582857D1BE0CF5A00B5D5D3 /* Resources */,
			);
			buildRules = (
			);
			dependencies = (
			);
			name = LcAudioWave;
			productName = LcAudioWave;
			productReference = 7582857F1BE0CF5A00B5D5D3 /* LcAudioWave.app */;
			productType = "com.apple.product-type.application";
		};
/* End PBXNativeTarget section */

/* Begin PBXProject section */
		758285771BE0CF5A00B5D5D3 /* Project object */ = {
			isa = PBXProject;
			attributes = {
				LastUpgradeCheck = 0710;
				ORGANIZATIONNAME = jiangliancheng;
				TargetAttributes = {
					7582857E1BE0CF5A00B5D5D3 = {
						CreatedOnToolsVersion = 7.1;
					};
				};
			};
			buildConfigurationList = 7582857A1BE0CF5A00B5D5D3 /* Build configuration list for PBXProject "LcAudioWave" */;
			compatibilityVersion = "Xcode 3.2";
			developmentRegion = English;
			hasScannedForEncodings = 0;
			knownRegions = (
				en,
				Base,
			);
			mainGroup = 758285761BE0CF5A00B5D5D3;
			productRefGroup = 758285801BE0CF5A00B5D5D3 /* Products */;
			projectDirPath = "";
			projectRoot = "";
			targets = (
				7582857E1BE0CF5A00B5D5D3 /* LcAudioWave */,
			);
		};
/* End PBXProject section */

/* Begin PBXResourcesBuildPhase section */
		7582857D1BE0CF5A00B5D5D3 /* Resources */ = {
			isa = PBXResourcesBuildPhase;
			buildActionMask = 2147483647;
			files = (
				758285921BE0CF5A00B5D5D3 /* LaunchScreen.storyboard in Resources */,
				7582858F1BE0CF5A00B5D5D3 /* Assets.xcassets in Resources */,
				7582858D1BE0CF5A00B5D5D3 /* Main.storyboard in Resources */,
			);
			runOnlyForDeploymentPostprocessing = 0;
		};
/* End PBXResourcesBuildPhase section */

/* Begin PBXSourcesBuildPhase section */
		7582857B1BE0CF5A00B5D5D3 /* Sources */ = {
			isa = PBXSourcesBuildPhase;
			buildActionMask = 2147483647;
			files = (
				7582858A1BE0CF5A00B5D5D3 /* ViewController.m in Sources */,
				758285871BE0CF5A00B5D5D3 /* AppDelegate.m in Sources */,
				758285841BE0CF5A00B5D5D3 /* main.m in Sources */,
			);
			runOnlyForDeploymentPostprocessing = 0;
		};
/* End PBXSourcesBuildPhase section */

/* Begin PBXVariantGroup section */
		7582858B1BE0CF5A00B5D5D3 /* Main.storyboard */ = {
			isa = PBXVariantGroup;
			children = (
				7582858C1BE0CF5A00B5D5D3 /* Base */,
			);
			name = Main.storyboard;
			sourceTree = "<group>";
		};
		758285901BE0CF5A00B5D5D3 /* LaunchScreen.storyboard */ = {
			isa = PBXVariantGroup;
			children = (
				758285911BE0CF5A00B5D5D3 /* Base */,
			);
			name = LaunchScreen.storyboard;
			sourceTree = "<group>";
		};
/* End PBXVariantGroup section */

/* Begin XCBuildConfiguration section */
		758285941BE0CF5A00B5D5D3 /* Debug */ = {
			isa = XCBuildConfiguration;
			buildSettings = {
				ALWAYS_SEARCH_USER_PATHS = NO;
				CLANG_CXX_LANGUAGE_STANDARD = "gnu++0x";
				CLANG_CXX_LIBRARY = "libc++";
				CLANG_ENABLE_MODULES = YES;
				CLANG_ENABLE_OBJC_ARC = YES;
				CLANG_WARN_BOOL_CONVERSION = YES;
				CLANG_WARN_CONSTANT_CONVERSION = YES;
				CLANG_WARN_DIRECT_OBJC_ISA_USAGE = YES_ERROR;
				CLANG_WARN_EMPTY_BODY = YES;
				CLANG_WARN_ENUM_CONVERSION = YES;
				CLANG_WARN_INT_CONVERSION = YES;
				CLANG_WARN_OBJC_ROOT_CLASS = YES_ERROR;
				CLANG_WARN_UNREACHABLE_CODE = YES;
				CLANG_WARN__DUPLICATE_METHOD_MATCH = YES;
				"CODE_SIGN_IDENTITY[sdk=iphoneos*]" = "iPhone Developer";
				COPY_PHASE_STRIP = NO;
				DEBUG_INFORMATION_FORMAT = dwarf;
				ENABLE_STRICT_OBJC_MSGSEND = YES;
				ENABLE_TESTABILITY = YES;
				GCC_C_LANGUAGE_STANDARD = gnu99;
				GCC_DYNAMIC_NO_PIC = NO;
				GCC_NO_COMMON_BLOCKS = YES;
				GCC_OPTIMIZATION_LEVEL = 0;
				GCC_PREPROCESSOR_DEFINITIONS = (
					"DEBUG=1",
					"$(inherited)",
				);
				GCC_WARN_64_TO_32_BIT_CONVERSION = YES;
				GCC_WARN_ABOUT_RETURN_TYPE = YES_ERROR;
				GCC_WARN_UNDECLARED_SELECTOR = YES;
				GCC_WARN_UNINITIALIZED_AUTOS = YES_AGGRESSIVE;
				GCC_WARN_UNUSED_FUNCTION = YES;
				GCC_WARN_UNUSED_VARIABLE = YES;
				IPHONEOS_DEPLOYMENT_TARGET = 9.1;
				MTL_ENABLE_DEBUG_INFO = YES;
				ONLY_ACTIVE_ARCH = YES;
				SDKROOT = iphoneos;
			};
			name = Debug;
		};
		758285951BE0CF5A00B5D5D3 /* Release */ = {
			isa = XCBuildConfiguration;
			buildSettings = {
				ALWAYS_SEARCH_USER_PATHS = NO;
				CLANG_CXX_LANGUAGE_STANDARD = "gnu++0x";
				CLANG_CXX_LIBRARY = "libc++";
				CLANG_ENABLE_MODULES = YES;
				CLANG_ENABLE_OBJC_ARC = YES;
				CLANG_WARN_BOOL_CONVERSION = YES;
				CLANG_WARN_CONSTANT_CONVERSION = YES;
				CLANG_WARN_DIRECT_OBJC_ISA_USAGE = YES_ERROR;
				CLANG_WARN_EMPTY_BODY = YES;
				CLANG_WARN_ENUM_CONVERSION = YES;
				CLANG_WARN_INT_CONVERSION = YES;
				CLANG_WARN_OBJC_ROOT_CLASS = YES_ERROR;
				CLANG_WARN_UNREACHABLE_CODE = YES;
				CLANG_WARN__DUPLICATE_METHOD_MATCH = YES;
				"CODE_SIGN_IDENTITY[sdk=iphoneos*]" = "iPhone Developer";
				COPY_PHASE_STRIP = NO;
				DEBUG_INFORMATION_FORMAT = "dwarf-with-dsym";
				ENABLE_NS_ASSERTIONS = NO;
				ENABLE_STRICT_OBJC_MSGSEND = YES;
				GCC_C_LANGUAGE_STANDARD = gnu99;
				GCC_NO_COMMON_BLOCKS = YES;
				GCC_WARN_64_TO_32_BIT_CONVERSION = YES;
				GCC_WARN_ABOUT_RETURN_TYPE = YES_ERROR;
				GCC_WARN_UNDECLARED_SELECTOR = YES;
				GCC_WARN_UNINITIALIZED_AUTOS = YES_AGGRESSIVE;
				GCC_WARN_UNUSED_FUNCTION = YES;
				GCC_WARN_UNUSED_VARIABLE = YES;
				IPHONEOS_DEPLOYMENT_TARGET = 9.1;
				MTL_ENABLE_DEBUG_INFO = NO;
				SDKROOT = iphoneos;
				VALIDATE_PRODUCT = YES;
			};
			name = Release;
		};
		758285971BE0CF5A00B5D5D3 /* Debug */ = {
			isa = XCBuildConfiguration;
			buildSettings = {
				ASSETCATALOG_COMPILER_APPICON_NAME = AppIcon;
				INFOPLIST_FILE = LcAudioWave/Info.plist;
				LD_RUNPATH_SEARCH_PATHS = "$(inherited) @executable_path/Frameworks";
				PRODUCT_BUNDLE_IDENTIFIER = com.liancheng.LcAudioWave;
				PRODUCT_NAME = "$(TARGET_NAME)";
			};
			name = Debug;
		};
		758285981BE0CF5A00B5D5D3 /* Release */ = {
			isa = XCBuildConfiguration;
			buildSettings = {
				ASSETCATALOG_COMPILER_APPICON_NAME = AppIcon;
				INFOPLIST_FILE = LcAudioWave/Info.plist;
				LD_RUNPATH_SEARCH_PATHS = "$(inherited) @executable_path/Frameworks";
				PRODUCT_BUNDLE_IDENTIFIER = com.liancheng.LcAudioWave;
				PRODUCT_NAME = "$(TARGET_NAME)";
			};
			name = Release;
		};
/* End XCBuildConfiguration section */

/* Begin XCConfigurationList section */
		7582857A1BE0CF5A00B5D5D3 /* Build configuration list for PBXProject "LcAudioWave" */ = {
			isa = XCConfigurationList;
			buildConfigurations = (
				758285941BE0CF5A00B5D5D3 /* Debug */,
				758285951BE0CF5A00B5D5D3 /* Release */,
			);
			defaultConfigurationIsVisible = 0;
			defaultConfigurationName = Release;
		};
		758285961BE0CF5A00B5D5D3 /* Build configuration list for PBXNativeTarget "LcAudioWave" */ = {
			isa = XCConfigurationList;
			buildConfigurations = (
				758285971BE0CF5A00B5D5D3 /* Debug */,
				758285981BE0CF5A00B5D5D3 /* Release */,
			);
			defaultConfigurationIsVisible = 0;
		};
/* End XCConfigurationList section */
	};
	rootObject = 758285771BE0CF5A00B5D5D3 /* Project object */;
}
