// !$*UTF8*$!
{
	archiveVersion = 1;
	classes = {
	};
	objectVersion = 46;
	objects = {

/* Begin PBXBuildFile section */
		75371C7E1BE73C090075E400 /* main.m in Sources */ = {isa = PBXBuildFile; fileRef = 75371C7D1BE73C090075E400 /* main.m */; };
		75371C811BE73C090075E400 /* AppDelegate.m in Sources */ = {isa = PBXBuildFile; fileRef = 75371C801BE73C090075E400 /* AppDelegate.m */; };
		75371C841BE73C090075E400 /* ViewController.m in Sources */ = {isa = PBXBuildFile; fileRef = 75371C831BE73C090075E400 /* ViewController.m */; };
		75371C871BE73C090075E400 /* Main.storyboard in Resources */ = {isa = PBXBuildFile; fileRef = 75371C851BE73C090075E400 /* Main.storyboard */; };
		75371C891BE73C090075E400 /* Assets.xcassets in Resources */ = {isa = PBXBuildFile; fileRef = 75371C881BE73C090075E400 /* Assets.xcassets */; };
		75371C8C1BE73C090075E400 /* LaunchScreen.storyboard in Resources */ = {isa = PBXBuildFile; fileRef = 75371C8A1BE73C090075E400 /* LaunchScreen.storyboard */; };
		75371C981BE73C410075E400 /* AudioWaveModel.m in Sources */ = {isa = PBXBuildFile; fileRef = 75371C951BE73C410075E400 /* AudioWaveModel.m */; };
		75371C991BE73C410075E400 /* SampleStrategy.m in Sources */ = {isa = PBXBuildFile; fileRef = 75371C971BE73C410075E400 /* SampleStrategy.m */; };
		75371C9B1BE73C4F0075E400 /* 1.mov in Resources */ = {isa = PBXBuildFile; fileRef = 75371C9A1BE73C4F0075E400 /* 1.mov */; };
		75371C9E1BE73E460075E400 /* AVFoundation.framework in Frameworks */ = {isa = PBXBuildFile; fileRef = 75371C9D1BE73E460075E400 /* AVFoundation.framework */; };
		75371CA21BE763180075E400 /* AudioWaveView.m in Sources */ = {isa = PBXBuildFile; fileRef = 75371CA11BE763180075E400 /* AudioWaveView.m */; };
		75371CA51BE769ED0075E400 /* AudioWave.m in Sources */ = {isa = PBXBuildFile; fileRef = 75371CA41BE769ED0075E400 /* AudioWave.m */; };
		75371CA71BE76AD10075E400 /* Foundation.framework in Frameworks */ = {isa = PBXBuildFile; fileRef = 75371CA61BE76AD10075E400 /* Foundation.framework */; };
		75371CA91BE76AD80075E400 /* UIKit.framework in Frameworks */ = {isa = PBXBuildFile; fileRef = 75371CA81BE76AD80075E400 /* UIKit.framework */; };
		75371CAB1BE779EB0075E400 /* 夏洛特烦恼.mp3 in Resources */ = {isa = PBXBuildFile; fileRef = 75371CAA1BE779EB0075E400 /* 夏洛特烦恼.mp3 */; };
/* End PBXBuildFile section */

/* Begin PBXFileReference section */
		75371C791BE73C090075E400 /* LCAudioWaveSample.app */ = {isa = PBXFileReference; explicitFileType = wrapper.application; includeInIndex = 0; path = LCAudioWaveSample.app; sourceTree = BUILT_PRODUCTS_DIR; };
		75371C7D1BE73C090075E400 /* main.m */ = {isa = PBXFileReference; lastKnownFileType = sourcecode.c.objc; path = main.m; sourceTree = "<group>"; };
		75371C7F1BE73C090075E400 /* AppDelegate.h */ = {isa = PBXFileReference; lastKnownFileType = sourcecode.c.h; path = AppDelegate.h; sourceTree = "<group>"; };
		75371C801BE73C090075E400 /* AppDelegate.m */ = {isa = PBXFileReference; lastKnownFileType = sourcecode.c.objc; path = AppDelegate.m; sourceTree = "<group>"; };
		75371C821BE73C090075E400 /* ViewController.h */ = {isa = PBXFileReference; lastKnownFileType = sourcecode.c.h; path = ViewController.h; sourceTree = "<group>"; };
		75371C831BE73C090075E400 /* ViewController.m */ = {isa = PBXFileReference; lastKnownFileType = sourcecode.c.objc; path = ViewController.m; sourceTree = "<group>"; };
		75371C861BE73C090075E400 /* Base */ = {isa = PBXFileReference; lastKnownFileType = file.storyboard; name = Base; path = Base.lproj/Main.storyboard; sourceTree = "<group>"; };
		75371C881BE73C090075E400 /* Assets.xcassets */ = {isa = PBXFileReference; lastKnownFileType = folder.assetcatalog; path = Assets.xcassets; sourceTree = "<group>"; };
		75371C8B1BE73C090075E400 /* Base */ = {isa = PBXFileReference; lastKnownFileType = file.storyboard; name = Base; path = Base.lproj/LaunchScreen.storyboard; sourceTree = "<group>"; };
		75371C8D1BE73C090075E400 /* Info.plist */ = {isa = PBXFileReference; lastKnownFileType = text.plist.xml; path = Info.plist; sourceTree = "<group>"; };
		75371C941BE73C410075E400 /* AudioWaveModel.h */ = {isa = PBXFileReference; fileEncoding = 4; lastKnownFileType = sourcecode.c.h; path = AudioWaveModel.h; sourceTree = "<group>"; };
		75371C951BE73C410075E400 /* AudioWaveModel.m */ = {isa = PBXFileReference; fileEncoding = 4; lastKnownFileType = sourcecode.c.objc; path = AudioWaveModel.m; sourceTree = "<group>"; };
		75371C961BE73C410075E400 /* SampleStrategy.h */ = {isa = PBXFileReference; fileEncoding = 4; lastKnownFileType = sourcecode.c.h; path = SampleStrategy.h; sourceTree = "<group>"; };
		75371C971BE73C410075E400 /* SampleStrategy.m */ = {isa = PBXFileReference; fileEncoding = 4; lastKnownFileType = sourcecode.c.objc; path = SampleStrategy.m; sourceTree = "<group>"; };
		75371C9A1BE73C4F0075E400 /* 1.mov */ = {isa = PBXFileReference; lastKnownFileType = video.quicktime; path = 1.mov; sourceTree = "<group>"; };
		75371C9C1BE73C9E0075E400 /* CheckMacro.h */ = {isa = PBXFileReference; lastKnownFileType = sourcecode.c.h; path = CheckMacro.h; sourceTree = "<group>"; };
		75371C9D1BE73E460075E400 /* AVFoundation.framework */ = {isa = PBXFileReference; lastKnownFileType = wrapper.framework; name = AVFoundation.framework; path = System/Library/Frameworks/AVFoundation.framework; sourceTree = SDKROOT; };
		75371CA01BE763180075E400 /* AudioWaveView.h */ = {isa = PBXFileReference; fileEncoding = 4; lastKnownFileType = sourcecode.c.h; path = AudioWaveView.h; sourceTree = "<group>"; };
		75371CA11BE763180075E400 /* AudioWaveView.m */ = {isa = PBXFileReference; fileEncoding = 4; lastKnownFileType = sourcecode.c.objc; path = AudioWaveView.m; sourceTree = "<group>"; };
		75371CA31BE769ED0075E400 /* AudioWave.h */ = {isa = PBXFileReference; fileEncoding = 4; lastKnownFileType = sourcecode.c.h; path = AudioWave.h; sourceTree = "<group>"; };
		75371CA41BE769ED0075E400 /* AudioWave.m */ = {isa = PBXFileReference; fileEncoding = 4; lastKnownFileType = sourcecode.c.objc; path = AudioWave.m; sourceTree = "<group>"; };
		75371CA61BE76AD10075E400 /* Foundation.framework */ = {isa = PBXFileReference; lastKnownFileType = wrapper.framework; name = Foundation.framework; path = System/Library/Frameworks/Foundation.framework; sourceTree = SDKROOT; };
		75371CA81BE76AD80075E400 /* UIKit.framework */ = {isa = PBXFileReference; lastKnownFileType = wrapper.framework; name = UIKit.framework; path = System/Library/Frameworks/UIKit.framework; sourceTree = SDKROOT; };
		75371CAA1BE779EB0075E400 /* 夏洛特烦恼.mp3 */ = {isa = PBXFileReference; lastKnownFileType = audio.mp3; path = "夏洛特烦恼.mp3"; sourceTree = "<group>"; };
/* End PBXFileReference section */

/* Begin PBXFrameworksBuildPhase section */
		75371C761BE73C090075E400 /* Frameworks */ = {
			isa = PBXFrameworksBuildPhase;
			buildActionMask = 2147483647;
			files = (
				75371CA91BE76AD80075E400 /* UIKit.framework in Frameworks */,
				75371CA71BE76AD10075E400 /* Foundation.framework in Frameworks */,
				75371C9E1BE73E460075E400 /* AVFoundation.framework in Frameworks */,
			);
			runOnlyForDeploymentPostprocessing = 0;
		};
/* End PBXFrameworksBuildPhase section */

/* Begin PBXGroup section */
		75371C701BE73C090075E400 = {
			isa = PBXGroup;
			children = (
				75371CAA1BE779EB0075E400 /* 夏洛特烦恼.mp3 */,
				75371C931BE73C410075E400 /* AudioWave */,
				75371C7B1BE73C090075E400 /* LCAudioWaveSample */,
				75371C7A1BE73C090075E400 /* Products */,
				75371C9F1BE73E4F0075E400 /* Frameworks */,
			);
			sourceTree = "<group>";
		};
		75371C7A1BE73C090075E400 /* Products */ = {
			isa = PBXGroup;
			children = (
				75371C791BE73C090075E400 /* LCAudioWaveSample.app */,
			);
			name = Products;
			sourceTree = "<group>";
		};
		75371C7B1BE73C090075E400 /* LCAudioWaveSample */ = {
			isa = PBXGroup;
			children = (
				75371C7F1BE73C090075E400 /* AppDelegate.h */,
				75371C801BE73C090075E400 /* AppDelegate.m */,
				75371C821BE73C090075E400 /* ViewController.h */,
				75371C831BE73C090075E400 /* ViewController.m */,
				75371C851BE73C090075E400 /* Main.storyboard */,
				75371C881BE73C090075E400 /* Assets.xcassets */,
				75371C8A1BE73C090075E400 /* LaunchScreen.storyboard */,
				75371C8D1BE73C090075E400 /* Info.plist */,
				75371C7C1BE73C090075E400 /* Supporting Files */,
			);
			path = LCAudioWaveSample;
			sourceTree = "<group>";
		};
		75371C7C1BE73C090075E400 /* Supporting Files */ = {
			isa = PBXGroup;
			children = (
				75371C9A1BE73C4F0075E400 /* 1.mov */,
				75371C7D1BE73C090075E400 /* main.m */,
			);
			name = "Supporting Files";
			sourceTree = "<group>";
		};
		75371C931BE73C410075E400 /* AudioWave */ = {
			isa = PBXGroup;
			children = (
				75371CA31BE769ED0075E400 /* AudioWave.h */,
				75371CA41BE769ED0075E400 /* AudioWave.m */,
				75371C9C1BE73C9E0075E400 /* CheckMacro.h */,
				75371C941BE73C410075E400 /* AudioWaveModel.h */,
				75371C951BE73C410075E400 /* AudioWaveModel.m */,
				75371C961BE73C410075E400 /* SampleStrategy.h */,
				75371C971BE73C410075E400 /* SampleStrategy.m */,
				75371CA01BE763180075E400 /* AudioWaveView.h */,
				75371CA11BE763180075E400 /* AudioWaveView.m */,
			);
			path = AudioWave;
			sourceTree = "<group>";
		};
		75371C9F1BE73E4F0075E400 /* Frameworks */ = {
			isa = PBXGroup;
			children = (
				75371CA81BE76AD80075E400 /* UIKit.framework */,
				75371CA61BE76AD10075E400 /* Foundation.framework */,
				75371C9D1BE73E460075E400 /* AVFoundation.framework */,
			);
			name = Frameworks;
			sourceTree = "<group>";
		};
/* End PBXGroup section */

/* Begin PBXNativeTarget section */
		75371C781BE73C090075E400 /* LCAudioWaveSample */ = {
			isa = PBXNativeTarget;
			buildConfigurationList = 75371C901BE73C090075E400 /* Build configuration list for PBXNativeTarget "LCAudioWaveSample" */;
			buildPhases = (
				75371C751BE73C090075E400 /* Sources */,
				75371C761BE73C090075E400 /* Frameworks */,
				75371C771BE73C090075E400 /* Resources */,
			);
			buildRules = (
			);
			dependencies = (
			);
			name = LCAudioWaveSample;
			productName = LCAudioWaveSample;
			productReference = 75371C791BE73C090075E400 /* LCAudioWaveSample.app */;
			productType = "com.apple.product-type.application";
		};
/* End PBXNativeTarget section */

/* Begin PBXProject section */
		75371C711BE73C090075E400 /* Project object */ = {
			isa = PBXProject;
			attributes = {
				LastUpgradeCheck = 0710;
				ORGANIZATIONNAME = jiangliancheng;
				TargetAttributes = {
					75371C781BE73C090075E400 = {
						CreatedOnToolsVersion = 7.1;
					};
				};
			};
			buildConfigurationList = 75371C741BE73C090075E400 /* Build configuration list for PBXProject "LCAudioWaveSample" */;
			compatibilityVersion = "Xcode 3.2";
			developmentRegion = English;
			hasScannedForEncodings = 0;
			knownRegions = (
				en,
				Base,
			);
			mainGroup = 75371C701BE73C090075E400;
			productRefGroup = 75371C7A1BE73C090075E400 /* Products */;
			projectDirPath = "";
			projectRoot = "";
			targets = (
				75371C781BE73C090075E400 /* LCAudioWaveSample */,
			);
		};
/* End PBXProject section */

/* Begin PBXResourcesBuildPhase section */
		75371C771BE73C090075E400 /* Resources */ = {
			isa = PBXResourcesBuildPhase;
			buildActionMask = 2147483647;
			files = (
				75371C8C1BE73C090075E400 /* LaunchScreen.storyboard in Resources */,
				75371C891BE73C090075E400 /* Assets.xcassets in Resources */,
				75371C9B1BE73C4F0075E400 /* 1.mov in Resources */,
				75371CAB1BE779EB0075E400 /* 夏洛特烦恼.mp3 in Resources */,
				75371C871BE73C090075E400 /* Main.storyboard in Resources */,
			);
			runOnlyForDeploymentPostprocessing = 0;
		};
/* End PBXResourcesBuildPhase section */

/* Begin PBXSourcesBuildPhase section */
		75371C751BE73C090075E400 /* Sources */ = {
			isa = PBXSourcesBuildPhase;
			buildActionMask = 2147483647;
			files = (
				75371CA21BE763180075E400 /* AudioWaveView.m in Sources */,
				75371C841BE73C090075E400 /* ViewController.m in Sources */,
				75371CA51BE769ED0075E400 /* AudioWave.m in Sources */,
				75371C981BE73C410075E400 /* AudioWaveModel.m in Sources */,
				75371C811BE73C090075E400 /* AppDelegate.m in Sources */,
				75371C7E1BE73C090075E400 /* main.m in Sources */,
				75371C991BE73C410075E400 /* SampleStrategy.m in Sources */,
			);
			runOnlyForDeploymentPostprocessing = 0;
		};
/* End PBXSourcesBuildPhase section */

/* Begin PBXVariantGroup section */
		75371C851BE73C090075E400 /* Main.storyboard */ = {
			isa = PBXVariantGroup;
			children = (
				75371C861BE73C090075E400 /* Base */,
			);
			name = Main.storyboard;
			sourceTree = "<group>";
		};
		75371C8A1BE73C090075E400 /* LaunchScreen.storyboard */ = {
			isa = PBXVariantGroup;
			children = (
				75371C8B1BE73C090075E400 /* Base */,
			);
			name = LaunchScreen.storyboard;
			sourceTree = "<group>";
		};
/* End PBXVariantGroup section */

/* Begin XCBuildConfiguration section */
		75371C8E1BE73C090075E400 /* Debug */ = {
			isa = XCBuildConfiguration;
			buildSettings = {
				ALWAYS_SEARCH_USER_PATHS = NO;
				CLANG_CXX_LANGUAGE_STANDARD = "gnu++0x";
				CLANG_CXX_LIBRARY = "libc++";
				CLANG_ENABLE_MODULES = YES;
				CLANG_ENABLE_OBJC_ARC = YES;
				CLANG_WARN_BOOL_CONVERSION = YES;
				CLANG_WARN_CONSTANT_CONVERSION = YES;
				CLANG_WARN_DIRECT_OBJC_ISA_USAGE = YES_ERROR;
				CLANG_WARN_EMPTY_BODY = YES;
				CLANG_WARN_ENUM_CONVERSION = YES;
				CLANG_WARN_INT_CONVERSION = YES;
				CLANG_WARN_OBJC_ROOT_CLASS = YES_ERROR;
				CLANG_WARN_UNREACHABLE_CODE = YES;
				CLANG_WARN__DUPLICATE_METHOD_MATCH = YES;
				"CODE_SIGN_IDENTITY[sdk=iphoneos*]" = "iPhone Developer";
				COPY_PHASE_STRIP = NO;
				DEBUG_INFORMATION_FORMAT = dwarf;
				ENABLE_STRICT_OBJC_MSGSEND = YES;
				ENABLE_TESTABILITY = YES;
				GCC_C_LANGUAGE_STANDARD = gnu99;
				GCC_DYNAMIC_NO_PIC = NO;
				GCC_NO_COMMON_BLOCKS = YES;
				GCC_OPTIMIZATION_LEVEL = 0;
				GCC_PREPROCESSOR_DEFINITIONS = (
					"DEBUG=1",
					"$(inherited)",
				);
				GCC_WARN_64_TO_32_BIT_CONVERSION = YES;
				GCC_WARN_ABOUT_RETURN_TYPE = YES_ERROR;
				GCC_WARN_UNDECLARED_SELECTOR = YES;
				GCC_WARN_UNINITIALIZED_AUTOS = YES_AGGRESSIVE;
				GCC_WARN_UNUSED_FUNCTION = YES;
				GCC_WARN_UNUSED_VARIABLE = YES;
				IPHONEOS_DEPLOYMENT_TARGET = 9.1;
				MTL_ENABLE_DEBUG_INFO = YES;
				ONLY_ACTIVE_ARCH = YES;
				SDKROOT = iphoneos;
			};
			name = Debug;
		};
		75371C8F1BE73C090075E400 /* Release */ = {
			isa = XCBuildConfiguration;
			buildSettings = {
				ALWAYS_SEARCH_USER_PATHS = NO;
				CLANG_CXX_LANGUAGE_STANDARD = "gnu++0x";
				CLANG_CXX_LIBRARY = "libc++";
				CLANG_ENABLE_MODULES = YES;
				CLANG_ENABLE_OBJC_ARC = YES;
				CLANG_WARN_BOOL_CONVERSION = YES;
				CLANG_WARN_CONSTANT_CONVERSION = YES;
				CLANG_WARN_DIRECT_OBJC_ISA_USAGE = YES_ERROR;
				CLANG_WARN_EMPTY_BODY = YES;
				CLANG_WARN_ENUM_CONVERSION = YES;
				CLANG_WARN_INT_CONVERSION = YES;
				CLANG_WARN_OBJC_ROOT_CLASS = YES_ERROR;
				CLANG_WARN_UNREACHABLE_CODE = YES;
				CLANG_WARN__DUPLICATE_METHOD_MATCH = YES;
				"CODE_SIGN_IDENTITY[sdk=iphoneos*]" = "iPhone Developer";
				COPY_PHASE_STRIP = NO;
				DEBUG_INFORMATION_FORMAT = "dwarf-with-dsym";
				ENABLE_NS_ASSERTIONS = NO;
				ENABLE_STRICT_OBJC_MSGSEND = YES;
				GCC_C_LANGUAGE_STANDARD = gnu99;
				GCC_NO_COMMON_BLOCKS = YES;
				GCC_WARN_64_TO_32_BIT_CONVERSION = YES;
				GCC_WARN_ABOUT_RETURN_TYPE = YES_ERROR;
				GCC_WARN_UNDECLARED_SELECTOR = YES;
				GCC_WARN_UNINITIALIZED_AUTOS = YES_AGGRESSIVE;
				GCC_WARN_UNUSED_FUNCTION = YES;
				GCC_WARN_UNUSED_VARIABLE = YES;
				IPHONEOS_DEPLOYMENT_TARGET = 9.1;
				MTL_ENABLE_DEBUG_INFO = NO;
				SDKROOT = iphoneos;
				VALIDATE_PRODUCT = YES;
			};
			name = Release;
		};
		75371C911BE73C090075E400 /* Debug */ = {
			isa = XCBuildConfiguration;
			buildSettings = {
				ASSETCATALOG_COMPILER_APPICON_NAME = AppIcon;
				INFOPLIST_FILE = LCAudioWaveSample/Info.plist;
				LD_RUNPATH_SEARCH_PATHS = "$(inherited) @executable_path/Frameworks";
				PRODUCT_BUNDLE_IDENTIFIER = com.liancheng.LCAudioWaveSample;
				PRODUCT_NAME = "$(TARGET_NAME)";
			};
			name = Debug;
		};
		75371C921BE73C090075E400 /* Release */ = {
			isa = XCBuildConfiguration;
			buildSettings = {
				ASSETCATALOG_COMPILER_APPICON_NAME = AppIcon;
				INFOPLIST_FILE = LCAudioWaveSample/Info.plist;
				LD_RUNPATH_SEARCH_PATHS = "$(inherited) @executable_path/Frameworks";
				PRODUCT_BUNDLE_IDENTIFIER = com.liancheng.LCAudioWaveSample;
				PRODUCT_NAME = "$(TARGET_NAME)";
			};
			name = Release;
		};
/* End XCBuildConfiguration section */

/* Begin XCConfigurationList section */
		75371C741BE73C090075E400 /* Build configuration list for PBXProject "LCAudioWaveSample" */ = {
			isa = XCConfigurationList;
			buildConfigurations = (
				75371C8E1BE73C090075E400 /* Debug */,
				75371C8F1BE73C090075E400 /* Release */,
			);
			defaultConfigurationIsVisible = 0;
			defaultConfigurationName = Release;
		};
		75371C901BE73C090075E400 /* Build configuration list for PBXNativeTarget "LCAudioWaveSample" */ = {
			isa = XCConfigurationList;
			buildConfigurations = (
				75371C911BE73C090075E400 /* Debug */,
				75371C921BE73C090075E400 /* Release */,
			);
			defaultConfigurationIsVisible = 0;
		};
/* End XCConfigurationList section */
	};
	rootObject = 75371C711BE73C090075E400 /* Project object */;
}
